
Microsoft Visual Studio Solution File, Format Version 11.00
# Visual Studio 2010
Project("{FAE04EC0-301F-11D3-BF4B-00C04F79EFBC}") = "RPG_TEST", "Assembly-CSharp.csproj", "{F5292B5E-D534-1F3A-46FA-545BB922E9F8}"
EndProject
Project("{FAE04EC0-301F-11D3-BF4B-00C04F79EFBC}") = "RPG_TEST", "Assembly-CSharp-Editor.csproj", "{6F690ED6-816B-273D-FB91-4C17698B4E0D}"
EndProject
Global
	GlobalSection(SolutionConfigurationPlatforms) = preSolution
		Debug|Any CPU = Debug|Any CPU
		Release|Any CPU = Release|Any CPU
	EndGlobalSection
	GlobalSection(ProjectConfigurationPlatforms) = postSolution
		{F5292B5E-D534-1F3A-46FA-545BB922E9F8}.Debug|Any CPU.ActiveCfg = Debug|Any CPU
		{F5292B5E-D534-1F3A-46FA-545BB922E9F8}.Debug|Any CPU.Build.0 = Debug|Any CPU
		{F5292B5E-D534-1F3A-46FA-545BB922E9F8}.Release|Any CPU.ActiveCfg = Release|Any CPU
		{F5292B5E-D534-1F3A-46FA-545BB922E9F8}.Release|Any CPU.Build.0 = Release|Any CPU
		{6F690ED6-816B-273D-FB91-4C17698B4E0D}.Debug|Any CPU.ActiveCfg = Debug|Any CPU
		{6F690ED6-816B-273D-FB91-4C17698B4E0D}.Debug|Any CPU.Build.0 = Debug|Any CPU
		{6F690ED6-816B-273D-FB91-4C17698B4E0D}.Release|Any CPU.ActiveCfg = Release|Any CPU
		{6F690ED6-816B-273D-FB91-4C17698B4E0D}.Release|Any CPU.Build.0 = Release|Any CPU
	EndGlobalSection
	GlobalSection(SolutionProperties) = preSolution
		HideSolutionNode = FALSE
	EndGlobalSection
	GlobalSection(MonoDevelopProperties) = preSolution
		StartupItem = Assembly-CSharp.csproj
	EndGlobalSection
EndGlobal
